
Microsoft Visual Studio Solution File, Format Version 12.00
Project("{FAE04EC0-301F-11D3-BF4B-00C04F79EFBC}") = "Day1", "Day1\Day1.csproj", "{0D12A455-0C49-430F-95B8-B3DF99C5BE49}"
EndProject
Project("{FAE04EC0-301F-11D3-BF4B-00C04F79EFBC}") = "Day2", "Day2\Day2\Day2.csproj", "{A2238BFF-FA85-45E1-8755-8CF51427D6D0}"
EndProject
Project("{FAE04EC0-301F-11D3-BF4B-00C04F79EFBC}") = "Day3", "Day3\Day3.csproj", "{998FD699-56FE-403D-8018-3CFBBA461FE4}"
EndProject
Project("{FAE04EC0-301F-11D3-BF4B-00C04F79EFBC}") = "Day4", "Day4\Day4.csproj", "{D8E6A68C-EB5B-4CBC-9968-FF84F6940594}"
EndProject
Project("{FAE04EC0-301F-11D3-BF4B-00C04F79EFBC}") = "Day5", "Day5\Day5.csproj", "{6D2E8B97-9C1C-40E1-8C76-11D43CE185A6}"
EndProject
Project("{FAE04EC0-301F-11D3-BF4B-00C04F79EFBC}") = "Day6", "Day6\Day6.csproj", "{A5EE51CC-C8E6-422F-944A-C1A4640B540A}"
EndProject
Project("{FAE04EC0-301F-11D3-BF4B-00C04F79EFBC}") = "Day7", "Day7\Day7.csproj", "{E75AC79F-D5ED-488D-AF81-CC2CA8AC478C}"
EndProject
Project("{FAE04EC0-301F-11D3-BF4B-00C04F79EFBC}") = "Day8", "Day8\Day8.csproj", "{72D1FA0C-0DE3-409F-A2C9-72A86D28E975}"
EndProject
Project("{FAE04EC0-301F-11D3-BF4B-00C04F79EFBC}") = "Day9", "Day9\Day9.csproj", "{A2557A3F-1760-4B1E-B82E-C24AA1D43BDB}"
EndProject
Project("{FAE04EC0-301F-11D3-BF4B-00C04F79EFBC}") = "Day11", "Day11\Day11.csproj", "{19DF7FC5-1145-48C9-9321-06696415DDA0}"
EndProject
Project("{FAE04EC0-301F-11D3-BF4B-00C04F79EFBC}") = "Day12", "Day12\Day12.csproj", "{FE9EF4B3-5743-4A8E-919D-26955326A204}"
EndProject
Project("{FAE04EC0-301F-11D3-BF4B-00C04F79EFBC}") = "Day13", "Day13\Day13.csproj", "{00D444B1-4FA4-43BE-8C3A-20711F131A04}"
EndProject
Global
	GlobalSection(SolutionConfigurationPlatforms) = preSolution
		Debug|Any CPU = Debug|Any CPU
		Release|Any CPU = Release|Any CPU
	EndGlobalSection
	GlobalSection(ProjectConfigurationPlatforms) = postSolution
		{0D12A455-0C49-430F-95B8-B3DF99C5BE49}.Debug|Any CPU.ActiveCfg = Debug|Any CPU
		{0D12A455-0C49-430F-95B8-B3DF99C5BE49}.Debug|Any CPU.Build.0 = Debug|Any CPU
		{0D12A455-0C49-430F-95B8-B3DF99C5BE49}.Release|Any CPU.ActiveCfg = Release|Any CPU
		{0D12A455-0C49-430F-95B8-B3DF99C5BE49}.Release|Any CPU.Build.0 = Release|Any CPU
		{A2238BFF-FA85-45E1-8755-8CF51427D6D0}.Debug|Any CPU.ActiveCfg = Debug|Any CPU
		{A2238BFF-FA85-45E1-8755-8CF51427D6D0}.Debug|Any CPU.Build.0 = Debug|Any CPU
		{A2238BFF-FA85-45E1-8755-8CF51427D6D0}.Release|Any CPU.ActiveCfg = Release|Any CPU
		{A2238BFF-FA85-45E1-8755-8CF51427D6D0}.Release|Any CPU.Build.0 = Release|Any CPU
		{998FD699-56FE-403D-8018-3CFBBA461FE4}.Debug|Any CPU.ActiveCfg = Debug|Any CPU
		{998FD699-56FE-403D-8018-3CFBBA461FE4}.Debug|Any CPU.Build.0 = Debug|Any CPU
		{998FD699-56FE-403D-8018-3CFBBA461FE4}.Release|Any CPU.ActiveCfg = Release|Any CPU
		{998FD699-56FE-403D-8018-3CFBBA461FE4}.Release|Any CPU.Build.0 = Release|Any CPU
		{D8E6A68C-EB5B-4CBC-9968-FF84F6940594}.Debug|Any CPU.ActiveCfg = Debug|Any CPU
		{D8E6A68C-EB5B-4CBC-9968-FF84F6940594}.Debug|Any CPU.Build.0 = Debug|Any CPU
		{D8E6A68C-EB5B-4CBC-9968-FF84F6940594}.Release|Any CPU.ActiveCfg = Release|Any CPU
		{D8E6A68C-EB5B-4CBC-9968-FF84F6940594}.Release|Any CPU.Build.0 = Release|Any CPU
		{6D2E8B97-9C1C-40E1-8C76-11D43CE185A6}.Debug|Any CPU.ActiveCfg = Debug|Any CPU
		{6D2E8B97-9C1C-40E1-8C76-11D43CE185A6}.Debug|Any CPU.Build.0 = Debug|Any CPU
		{6D2E8B97-9C1C-40E1-8C76-11D43CE185A6}.Release|Any CPU.ActiveCfg = Release|Any CPU
		{6D2E8B97-9C1C-40E1-8C76-11D43CE185A6}.Release|Any CPU.Build.0 = Release|Any CPU
		{A5EE51CC-C8E6-422F-944A-C1A4640B540A}.Debug|Any CPU.ActiveCfg = Debug|Any CPU
		{A5EE51CC-C8E6-422F-944A-C1A4640B540A}.Debug|Any CPU.Build.0 = Debug|Any CPU
		{A5EE51CC-C8E6-422F-944A-C1A4640B540A}.Release|Any CPU.ActiveCfg = Release|Any CPU
		{A5EE51CC-C8E6-422F-944A-C1A4640B540A}.Release|Any CPU.Build.0 = Release|Any CPU
		{E75AC79F-D5ED-488D-AF81-CC2CA8AC478C}.Debug|Any CPU.ActiveCfg = Debug|Any CPU
		{E75AC79F-D5ED-488D-AF81-CC2CA8AC478C}.Debug|Any CPU.Build.0 = Debug|Any CPU
		{E75AC79F-D5ED-488D-AF81-CC2CA8AC478C}.Release|Any CPU.ActiveCfg = Release|Any CPU
		{E75AC79F-D5ED-488D-AF81-CC2CA8AC478C}.Release|Any CPU.Build.0 = Release|Any CPU
		{72D1FA0C-0DE3-409F-A2C9-72A86D28E975}.Debug|Any CPU.ActiveCfg = Debug|Any CPU
		{72D1FA0C-0DE3-409F-A2C9-72A86D28E975}.Debug|Any CPU.Build.0 = Debug|Any CPU
		{72D1FA0C-0DE3-409F-A2C9-72A86D28E975}.Release|Any CPU.ActiveCfg = Release|Any CPU
		{72D1FA0C-0DE3-409F-A2C9-72A86D28E975}.Release|Any CPU.Build.0 = Release|Any CPU
		{A2557A3F-1760-4B1E-B82E-C24AA1D43BDB}.Debug|Any CPU.ActiveCfg = Debug|Any CPU
		{A2557A3F-1760-4B1E-B82E-C24AA1D43BDB}.Debug|Any CPU.Build.0 = Debug|Any CPU
		{A2557A3F-1760-4B1E-B82E-C24AA1D43BDB}.Release|Any CPU.ActiveCfg = Release|Any CPU
		{A2557A3F-1760-4B1E-B82E-C24AA1D43BDB}.Release|Any CPU.Build.0 = Release|Any CPU
		{19DF7FC5-1145-48C9-9321-06696415DDA0}.Debug|Any CPU.ActiveCfg = Debug|Any CPU
		{19DF7FC5-1145-48C9-9321-06696415DDA0}.Debug|Any CPU.Build.0 = Debug|Any CPU
		{19DF7FC5-1145-48C9-9321-06696415DDA0}.Release|Any CPU.ActiveCfg = Release|Any CPU
		{19DF7FC5-1145-48C9-9321-06696415DDA0}.Release|Any CPU.Build.0 = Release|Any CPU
		{FE9EF4B3-5743-4A8E-919D-26955326A204}.Debug|Any CPU.ActiveCfg = Debug|Any CPU
		{FE9EF4B3-5743-4A8E-919D-26955326A204}.Debug|Any CPU.Build.0 = Debug|Any CPU
		{FE9EF4B3-5743-4A8E-919D-26955326A204}.Release|Any CPU.ActiveCfg = Release|Any CPU
		{FE9EF4B3-5743-4A8E-919D-26955326A204}.Release|Any CPU.Build.0 = Release|Any CPU
		{00D444B1-4FA4-43BE-8C3A-20711F131A04}.Debug|Any CPU.ActiveCfg = Debug|Any CPU
		{00D444B1-4FA4-43BE-8C3A-20711F131A04}.Debug|Any CPU.Build.0 = Debug|Any CPU
		{00D444B1-4FA4-43BE-8C3A-20711F131A04}.Release|Any CPU.ActiveCfg = Release|Any CPU
		{00D444B1-4FA4-43BE-8C3A-20711F131A04}.Release|Any CPU.Build.0 = Release|Any CPU
	EndGlobalSection
EndGlobal
